
Microsoft Visual Studio Solution File, Format Version 12.00
# Visual Studio Version 17
VisualStudioVersion = 17.9.34714.143
MinimumVisualStudioVersion = 10.0.40219.1
Project("{FAE04EC0-301F-11D3-BF4B-00C04F79EFBC}") = "AidMateApp1", "AidMateApp1\AidMateApp1.csproj", "{3FBA8065-F0BB-4C98-A0A2-370894AD3FF2}"
EndProject
Global
	GlobalSection(SolutionConfigurationPlatforms) = preSolution
		Debug|Any CPU = Debug|Any CPU
		Release|Any CPU = Release|Any CPU
	EndGlobalSection
	GlobalSection(ProjectConfigurationPlatforms) = postSolution
		{3FBA8065-F0BB-4C98-A0A2-370894AD3FF2}.Debug|Any CPU.ActiveCfg = Debug|Any CPU
		{3FBA8065-F0BB-4C98-A0A2-370894AD3FF2}.Debug|Any CPU.Build.0 = Debug|Any CPU
		{3FBA8065-F0BB-4C98-A0A2-370894AD3FF2}.Release|Any CPU.ActiveCfg = Release|Any CPU
		{3FBA8065-F0BB-4C98-A0A2-370894AD3FF2}.Release|Any CPU.Build.0 = Release|Any CPU
	EndGlobalSection
	GlobalSection(SolutionProperties) = preSolution
		HideSolutionNode = FALSE
	EndGlobalSection
	GlobalSection(ExtensibilityGlobals) = postSolution
		SolutionGuid = {A9565592-9281-4CE6-A8E4-A64FD59F5D54}
	EndGlobalSection
EndGlobal
